
Microsoft Visual Studio Solution File, Format Version 12.00
# Visual Studio Version 17
VisualStudioVersion = 17.7.34202.233
MinimumVisualStudioVersion = 10.0.40219.1
Project("{FAE04EC0-301F-11D3-BF4B-00C04F79EFBC}") = "Regulator", "Regulator\Regulator.csproj", "{C4F6E313-3301-4435-9423-11227C9E2F3C}"
EndProject
Project("{FAE04EC0-301F-11D3-BF4B-00C04F79EFBC}") = "Device", "Device\Device.csproj", "{D52BC6DD-50D7-41B3-A1F6-A071A54DDCAB}"
EndProject
Project("{FAE04EC0-301F-11D3-BF4B-00C04F79EFBC}") = "Heater", "Heater\Heater.csproj", "{17775B24-F801-4963-B357-A37B05FFA422}"
EndProject
Project("{FAE04EC0-301F-11D3-BF4B-00C04F79EFBC}") = "DeviceTest", "DeviceTest\DeviceTest.csproj", "{ED363EE1-826D-4D02-BF5B-DFE83F68228C}"
EndProject
Project("{FAE04EC0-301F-11D3-BF4B-00C04F79EFBC}") = "HeaterTest", "HeaterTest\HeaterTest.csproj", "{FC74DEB2-6AEF-496A-8382-1D85DCD0E1E4}"
EndProject
Project("{FAE04EC0-301F-11D3-BF4B-00C04F79EFBC}") = "RegulatorTest", "RegulatorTest\RegulatorTest.csproj", "{321EEEB7-D8DE-4FC3-9DA9-70D85DEF00A5}"
EndProject
Project("{FAE04EC0-301F-11D3-BF4B-00C04F79EFBC}") = "Baza", "Baza\Baza.csproj", "{66BCEDB5-EAE8-4897-8B0C-A0B4F93DBEE9}"
EndProject
Global
	GlobalSection(SolutionConfigurationPlatforms) = preSolution
		Debug|Any CPU = Debug|Any CPU
		Release|Any CPU = Release|Any CPU
	EndGlobalSection
	GlobalSection(ProjectConfigurationPlatforms) = postSolution
		{C4F6E313-3301-4435-9423-11227C9E2F3C}.Debug|Any CPU.ActiveCfg = Debug|Any CPU
		{C4F6E313-3301-4435-9423-11227C9E2F3C}.Debug|Any CPU.Build.0 = Debug|Any CPU
		{C4F6E313-3301-4435-9423-11227C9E2F3C}.Release|Any CPU.ActiveCfg = Release|Any CPU
		{C4F6E313-3301-4435-9423-11227C9E2F3C}.Release|Any CPU.Build.0 = Release|Any CPU
		{D52BC6DD-50D7-41B3-A1F6-A071A54DDCAB}.Debug|Any CPU.ActiveCfg = Debug|Any CPU
		{D52BC6DD-50D7-41B3-A1F6-A071A54DDCAB}.Debug|Any CPU.Build.0 = Debug|Any CPU
		{D52BC6DD-50D7-41B3-A1F6-A071A54DDCAB}.Release|Any CPU.ActiveCfg = Release|Any CPU
		{D52BC6DD-50D7-41B3-A1F6-A071A54DDCAB}.Release|Any CPU.Build.0 = Release|Any CPU
		{17775B24-F801-4963-B357-A37B05FFA422}.Debug|Any CPU.ActiveCfg = Debug|Any CPU
		{17775B24-F801-4963-B357-A37B05FFA422}.Debug|Any CPU.Build.0 = Debug|Any CPU
		{17775B24-F801-4963-B357-A37B05FFA422}.Release|Any CPU.ActiveCfg = Release|Any CPU
		{17775B24-F801-4963-B357-A37B05FFA422}.Release|Any CPU.Build.0 = Release|Any CPU
		{ED363EE1-826D-4D02-BF5B-DFE83F68228C}.Debug|Any CPU.ActiveCfg = Debug|Any CPU
		{ED363EE1-826D-4D02-BF5B-DFE83F68228C}.Debug|Any CPU.Build.0 = Debug|Any CPU
		{ED363EE1-826D-4D02-BF5B-DFE83F68228C}.Release|Any CPU.ActiveCfg = Release|Any CPU
		{ED363EE1-826D-4D02-BF5B-DFE83F68228C}.Release|Any CPU.Build.0 = Release|Any CPU
		{FC74DEB2-6AEF-496A-8382-1D85DCD0E1E4}.Debug|Any CPU.ActiveCfg = Debug|Any CPU
		{FC74DEB2-6AEF-496A-8382-1D85DCD0E1E4}.Debug|Any CPU.Build.0 = Debug|Any CPU
		{FC74DEB2-6AEF-496A-8382-1D85DCD0E1E4}.Release|Any CPU.ActiveCfg = Release|Any CPU
		{FC74DEB2-6AEF-496A-8382-1D85DCD0E1E4}.Release|Any CPU.Build.0 = Release|Any CPU
		{321EEEB7-D8DE-4FC3-9DA9-70D85DEF00A5}.Debug|Any CPU.ActiveCfg = Debug|Any CPU
		{321EEEB7-D8DE-4FC3-9DA9-70D85DEF00A5}.Debug|Any CPU.Build.0 = Debug|Any CPU
		{321EEEB7-D8DE-4FC3-9DA9-70D85DEF00A5}.Release|Any CPU.ActiveCfg = Release|Any CPU
		{321EEEB7-D8DE-4FC3-9DA9-70D85DEF00A5}.Release|Any CPU.Build.0 = Release|Any CPU
		{66BCEDB5-EAE8-4897-8B0C-A0B4F93DBEE9}.Debug|Any CPU.ActiveCfg = Debug|Any CPU
		{66BCEDB5-EAE8-4897-8B0C-A0B4F93DBEE9}.Debug|Any CPU.Build.0 = Debug|Any CPU
		{66BCEDB5-EAE8-4897-8B0C-A0B4F93DBEE9}.Release|Any CPU.ActiveCfg = Release|Any CPU
		{66BCEDB5-EAE8-4897-8B0C-A0B4F93DBEE9}.Release|Any CPU.Build.0 = Release|Any CPU
	EndGlobalSection
	GlobalSection(SolutionProperties) = preSolution
		HideSolutionNode = FALSE
	EndGlobalSection
	GlobalSection(ExtensibilityGlobals) = postSolution
		SolutionGuid = {5696E5C0-BBBE-4364-BDE4-0E520497A433}
	EndGlobalSection
EndGlobal
